# This file is generated by running "yarn install" inside your project.
# Manual changes might be lost - proceed with caution!

__metadata:
  version: 8
  cacheKey: 10c0

"ws@npm:^8.18.2":
  version: 8.18.2
  resolution: "ws@npm:8.18.2"
  peerDependencies:
    bufferutil: ^4.0.1
    utf-8-validate: ">=5.0.2"
  peerDependenciesMeta:
    bufferutil:
      optional: true
    utf-8-validate:
      optional: true
  checksum: 10c0/4b50f67931b8c6943c893f59c524f0e4905bbd183016cfb0f2b8653aa7f28dad4e456b9d99d285bbb67cca4fedd9ce90dfdfaa82b898a11414ebd66ee99141e4
  languageName: node
  linkType: hard

"ws@workspace:.":
  version: 0.0.0-use.local
  resolution: "ws@workspace:."
  dependencies:
    ws: "npm:^8.18.2"
  languageName: unknown
  linkType: soft
